// !$*UTF8*$!
{
	archiveVersion = 1;
	classes = {
	};
	objectVersion = 46;
	objects = {

/* Begin PBXBuildFile section */
		400F8B6F1D1DE664006182BD /* AppDelegate.swift in Sources */ = {isa = PBXBuildFile; fileRef = 400F8B6E1D1DE664006182BD /* AppDelegate.swift */; };
		400F8B711D1DE664006182BD /* ViewController.swift in Sources */ = {isa = PBXBuildFile; fileRef = 400F8B701D1DE664006182BD /* ViewController.swift */; };
		400F8B741D1DE664006182BD /* Main.storyboard in Resources */ = {isa = PBXBuildFile; fileRef = 400F8B721D1DE664006182BD /* Main.storyboard */; };
		400F8B761D1DE664006182BD /* Assets.xcassets in Resources */ = {isa = PBXBuildFile; fileRef = 400F8B751D1DE664006182BD /* Assets.xcassets */; };
		400F8B791D1DE664006182BD /* LaunchScreen.storyboard in Resources */ = {isa = PBXBuildFile; fileRef = 400F8B771D1DE664006182BD /* LaunchScreen.storyboard */; };
/* End PBXBuildFile section */

/* Begin PBXFileReference section */
		400F8B6B1D1DE664006182BD /* PotterChat.app */ = {isa = PBXFileReference; explicitFileType = wrapper.application; includeInIndex = 0; path = PotterChat.app; sourceTree = BUILT_PRODUCTS_DIR; };
		400F8B6E1D1DE664006182BD /* AppDelegate.swift */ = {isa = PBXFileReference; lastKnownFileType = sourcecode.swift; path = AppDelegate.swift; sourceTree = "<group>"; };
		400F8B701D1DE664006182BD /* ViewController.swift */ = {isa = PBXFileReference; lastKnownFileType = sourcecode.swift; path = ViewController.swift; sourceTree = "<group>"; };
		400F8B731D1DE664006182BD /* Base */ = {isa = PBXFileReference; lastKnownFileType = file.storyboard; name = Base; path = Base.lproj/Main.storyboard; sourceTree = "<group>"; };
		400F8B751D1DE664006182BD /* Assets.xcassets */ = {isa = PBXFileReference; lastKnownFileType = folder.assetcatalog; path = Assets.xcassets; sourceTree = "<group>"; };
		400F8B781D1DE664006182BD /* Base */ = {isa = PBXFileReference; lastKnownFileType = file.storyboard; name = Base; path = Base.lproj/LaunchScreen.storyboard; sourceTree = "<group>"; };
		400F8B7A1D1DE664006182BD /* Info.plist */ = {isa = PBXFileReference; lastKnownFileType = text.plist.xml; path = Info.plist; sourceTree = "<group>"; };
/* End PBXFileReference section */

/* Begin PBXFrameworksBuildPhase section */
		400F8B681D1DE664006182BD /* Frameworks */ = {
			isa = PBXFrameworksBuildPhase;
			buildActionMask = 2147483647;
			files = (
			);
			runOnlyForDeploymentPostprocessing = 0;
		};
/* End PBXFrameworksBuildPhase section */

/* Begin PBXGroup section */
		400F8B621D1DE664006182BD = {
			isa = PBXGroup;
			children = (
				400F8B6D1D1DE664006182BD /* PotterChat */,
				400F8B6C1D1DE664006182BD /* Products */,
			);
			sourceTree = "<group>";
		};
		400F8B6C1D1DE664006182BD /* Products */ = {
			isa = PBXGroup;
			children = (
				400F8B6B1D1DE664006182BD /* PotterChat.app */,
			);
			name = Products;
			sourceTree = "<group>";
		};
		400F8B6D1D1DE664006182BD /* PotterChat */ = {
			isa = PBXGroup;
			children = (
				400F8B6E1D1DE664006182BD /* AppDelegate.swift */,
				400F8B701D1DE664006182BD /* ViewController.swift */,
				400F8B721D1DE664006182BD /* Main.storyboard */,
				400F8B751D1DE664006182BD /* Assets.xcassets */,
				400F8B771D1DE664006182BD /* LaunchScreen.storyboard */,
				400F8B7A1D1DE664006182BD /* Info.plist */,
			);
			path = PotterChat;
			sourceTree = "<group>";
		};
/* End PBXGroup section */

/* Begin PBXNativeTarget section */
		400F8B6A1D1DE664006182BD /* PotterChat */ = {
			isa = PBXNativeTarget;
			buildConfigurationList = 400F8B7D1D1DE664006182BD /* Build configuration list for PBXNativeTarget "PotterChat" */;
			buildPhases = (
				400F8B671D1DE664006182BD /* Sources */,
				400F8B681D1DE664006182BD /* Frameworks */,
				400F8B691D1DE664006182BD /* Resources */,
			);
			buildRules = (
			);
			dependencies = (
			);
			name = PotterChat;
			productName = PotterChat;
			productReference = 400F8B6B1D1DE664006182BD /* PotterChat.app */;
			productType = "com.apple.product-type.application";
		};
/* End PBXNativeTarget section */

/* Begin PBXProject section */
		400F8B631D1DE664006182BD /* Project object */ = {
			isa = PBXProject;
			attributes = {
				LastSwiftUpdateCheck = 0730;
				LastUpgradeCheck = 0730;
				ORGANIZATIONNAME = "Emily Mearns";
				TargetAttributes = {
					400F8B6A1D1DE664006182BD = {
						CreatedOnToolsVersion = 7.3;
					};
				};
			};
			buildConfigurationList = 400F8B661D1DE664006182BD /* Build configuration list for PBXProject "PotterChat" */;
			compatibilityVersion = "Xcode 3.2";
			developmentRegion = English;
			hasScannedForEncodings = 0;
			knownRegions = (
				en,
				Base,
			);
			mainGroup = 400F8B621D1DE664006182BD;
			productRefGroup = 400F8B6C1D1DE664006182BD /* Products */;
			projectDirPath = "";
			projectRoot = "";
			targets = (
				400F8B6A1D1DE664006182BD /* PotterChat */,
			);
		};
/* End PBXProject section */

/* Begin PBXResourcesBuildPhase section */
		400F8B691D1DE664006182BD /* Resources */ = {
			isa = PBXResourcesBuildPhase;
			buildActionMask = 2147483647;
			files = (
				400F8B791D1DE664006182BD /* LaunchScreen.storyboard in Resources */,
				400F8B761D1DE664006182BD /* Assets.xcassets in Resources */,
				400F8B741D1DE664006182BD /* Main.storyboard in Resources */,
			);
			runOnlyForDeploymentPostprocessing = 0;
		};
/* End PBXResourcesBuildPhase section */

/* Begin PBXSourcesBuildPhase section */
		400F8B671D1DE664006182BD /* Sources */ = {
			isa = PBXSourcesBuildPhase;
			buildActionMask = 2147483647;
			files = (
				400F8B711D1DE664006182BD /* ViewController.swift in Sources */,
				400F8B6F1D1DE664006182BD /* AppDelegate.swift in Sources */,
			);
			runOnlyForDeploymentPostprocessing = 0;
		};
/* End PBXSourcesBuildPhase section */

/* Begin PBXVariantGroup section */
		400F8B721D1DE664006182BD /* Main.storyboard */ = {
			isa = PBXVariantGroup;
			children = (
				400F8B731D1DE664006182BD /* Base */,
			);
			name = Main.storyboard;
			sourceTree = "<group>";
		};
		400F8B771D1DE664006182BD /* LaunchScreen.storyboard */ = {
			isa = PBXVariantGroup;
			children = (
				400F8B781D1DE664006182BD /* Base */,
			);
			name = LaunchScreen.storyboard;
			sourceTree = "<group>";
		};
/* End PBXVariantGroup section */

/* Begin XCBuildConfiguration section */
		400F8B7B1D1DE664006182BD /* Debug */ = {
			isa = XCBuildConfiguration;
			buildSettings = {
				ALWAYS_SEARCH_USER_PATHS = NO;
				CLANG_ANALYZER_NONNULL = YES;
				CLANG_CXX_LANGUAGE_STANDARD = "gnu++0x";
				CLANG_CXX_LIBRARY = "libc++";
				CLANG_ENABLE_MODULES = YES;
				CLANG_ENABLE_OBJC_ARC = YES;
				CLANG_WARN_BOOL_CONVERSION = YES;
				CLANG_WARN_CONSTANT_CONVERSION = YES;
				CLANG_WARN_DIRECT_OBJC_ISA_USAGE = YES_ERROR;
				CLANG_WARN_EMPTY_BODY = YES;
				CLANG_WARN_ENUM_CONVERSION = YES;
				CLANG_WARN_INT_CONVERSION = YES;
				CLANG_WARN_OBJC_ROOT_CLASS = YES_ERROR;
				CLANG_WARN_UNREACHABLE_CODE = YES;
				CLANG_WARN__DUPLICATE_METHOD_MATCH = YES;
				"CODE_SIGN_IDENTITY[sdk=iphoneos*]" = "iPhone Developer";
				COPY_PHASE_STRIP = NO;
				DEBUG_INFORMATION_FORMAT = dwarf;
				ENABLE_STRICT_OBJC_MSGSEND = YES;
				ENABLE_TESTABILITY = YES;
				GCC_C_LANGUAGE_STANDARD = gnu99;
				GCC_DYNAMIC_NO_PIC = NO;
				GCC_NO_COMMON_BLOCKS = YES;
				GCC_OPTIMIZATION_LEVEL = 0;
				GCC_PREPROCESSOR_DEFINITIONS = (
					"DEBUG=1",
					"$(inherited)",
				);
				GCC_WARN_64_TO_32_BIT_CONVERSION = YES;
				GCC_WARN_ABOUT_RETURN_TYPE = YES_ERROR;
				GCC_WARN_UNDECLARED_SELECTOR = YES;
				GCC_WARN_UNINITIALIZED_AUTOS = YES_AGGRESSIVE;
				GCC_WARN_UNUSED_FUNCTION = YES;
				GCC_WARN_UNUSED_VARIABLE = YES;
				IPHONEOS_DEPLOYMENT_TARGET = 9.3;
				MTL_ENABLE_DEBUG_INFO = YES;
				ONLY_ACTIVE_ARCH = YES;
				SDKROOT = iphoneos;
				SWIFT_OPTIMIZATION_LEVEL = "-Onone";
				TARGETED_DEVICE_FAMILY = "1,2";
			};
			name = Debug;
		};
		400F8B7C1D1DE664006182BD /* Release */ = {
			isa = XCBuildConfiguration;
			buildSettings = {
				ALWAYS_SEARCH_USER_PATHS = NO;
				CLANG_ANALYZER_NONNULL = YES;
				CLANG_CXX_LANGUAGE_STANDARD = "gnu++0x";
				CLANG_CXX_LIBRARY = "libc++";
				CLANG_ENABLE_MODULES = YES;
				CLANG_ENABLE_OBJC_ARC = YES;
				CLANG_WARN_BOOL_CONVERSION = YES;
				CLANG_WARN_CONSTANT_CONVERSION = YES;
				CLANG_WARN_DIRECT_OBJC_ISA_USAGE = YES_ERROR;
				CLANG_WARN_EMPTY_BODY = YES;
				CLANG_WARN_ENUM_CONVERSION = YES;
				CLANG_WARN_INT_CONVERSION = YES;
				CLANG_WARN_OBJC_ROOT_CLASS = YES_ERROR;
				CLANG_WARN_UNREACHABLE_CODE = YES;
				CLANG_WARN__DUPLICATE_METHOD_MATCH = YES;
				"CODE_SIGN_IDENTITY[sdk=iphoneos*]" = "iPhone Developer";
				COPY_PHASE_STRIP = NO;
				DEBUG_INFORMATION_FORMAT = "dwarf-with-dsym";
				ENABLE_NS_ASSERTIONS = NO;
				ENABLE_STRICT_OBJC_MSGSEND = YES;
				GCC_C_LANGUAGE_STANDARD = gnu99;
				GCC_NO_COMMON_BLOCKS = YES;
				GCC_WARN_64_TO_32_BIT_CONVERSION = YES;
				GCC_WARN_ABOUT_RETURN_TYPE = YES_ERROR;
				GCC_WARN_UNDECLARED_SELECTOR = YES;
				GCC_WARN_UNINITIALIZED_AUTOS = YES_AGGRESSIVE;
				GCC_WARN_UNUSED_FUNCTION = YES;
				GCC_WARN_UNUSED_VARIABLE = YES;
				IPHONEOS_DEPLOYMENT_TARGET = 9.3;
				MTL_ENABLE_DEBUG_INFO = NO;
				SDKROOT = iphoneos;
				TARGETED_DEVICE_FAMILY = "1,2";
				VALIDATE_PRODUCT = YES;
			};
			name = Release;
		};
		400F8B7E1D1DE664006182BD /* Debug */ = {
			isa = XCBuildConfiguration;
			buildSettings = {
				ASSETCATALOG_COMPILER_APPICON_NAME = AppIcon;
				INFOPLIST_FILE = PotterChat/Info.plist;
				LD_RUNPATH_SEARCH_PATHS = "$(inherited) @executable_path/Frameworks";
				PRODUCT_BUNDLE_IDENTIFIER = com.EM.PotterChat;
				PRODUCT_NAME = "$(TARGET_NAME)";
			};
			name = Debug;
		};
		400F8B7F1D1DE664006182BD /* Release */ = {
			isa = XCBuildConfiguration;
			buildSettings = {
				ASSETCATALOG_COMPILER_APPICON_NAME = AppIcon;
				INFOPLIST_FILE = PotterChat/Info.plist;
				LD_RUNPATH_SEARCH_PATHS = "$(inherited) @executable_path/Frameworks";
				PRODUCT_BUNDLE_IDENTIFIER = com.EM.PotterChat;
				PRODUCT_NAME = "$(TARGET_NAME)";
			};
			name = Release;
		};
/* End XCBuildConfiguration section */

/* Begin XCConfigurationList section */
		400F8B661D1DE664006182BD /* Build configuration list for PBXProject "PotterChat" */ = {
			isa = XCConfigurationList;
			buildConfigurations = (
				400F8B7B1D1DE664006182BD /* Debug */,
				400F8B7C1D1DE664006182BD /* Release */,
			);
			defaultConfigurationIsVisible = 0;
			defaultConfigurationName = Release;
		};
		400F8B7D1D1DE664006182BD /* Build configuration list for PBXNativeTarget "PotterChat" */ = {
			isa = XCConfigurationList;
			buildConfigurations = (
				400F8B7E1D1DE664006182BD /* Debug */,
				400F8B7F1D1DE664006182BD /* Release */,
			);
			defaultConfigurationIsVisible = 0;
		};
/* End XCConfigurationList section */
	};
	rootObject = 400F8B631D1DE664006182BD /* Project object */;
}
